
Microsoft Visual Studio Solution File, Format Version 12.00
# Visual Studio 15
VisualStudioVersion = 15.0.28307.1927
MinimumVisualStudioVersion = 10.0.40219.1
Project("{D2ABAB84-BF74-430A-B69E-9DC6D40DDA17}") = "IT20038700_Assignment2", "IT20038700_Assignment2\IT20038700_Assignment2.dwproj", "{8DD6BA46-66BA-4166-AA41-8566B30ABD7F}"
EndProject
Global
	GlobalSection(SolutionConfigurationPlatforms) = preSolution
		Development|Default = Development|Default
	EndGlobalSection
	GlobalSection(ProjectConfigurationPlatforms) = postSolution
		{8DD6BA46-66BA-4166-AA41-8566B30ABD7F}.Development|Default.ActiveCfg = Development
		{8DD6BA46-66BA-4166-AA41-8566B30ABD7F}.Development|Default.Build.0 = Development
		{8DD6BA46-66BA-4166-AA41-8566B30ABD7F}.Development|Default.Deploy.0 = Development
	EndGlobalSection
	GlobalSection(SolutionProperties) = preSolution
		HideSolutionNode = FALSE
	EndGlobalSection
	GlobalSection(ExtensibilityGlobals) = postSolution
		SolutionGuid = {946C373B-59F2-4B33-BC73-E4C5741AECBA}
	EndGlobalSection
EndGlobal
